
Microsoft Visual Studio Solution File, Format Version 12.00
# Visual Studio Version 17
VisualStudioVersion = 17.0.31903.59
MinimumVisualStudioVersion = 10.0.40219.1
Project("{2150E333-8FDC-42A3-9474-1A3956D46DE8}") = "src", "src", "{C0572490-5C6F-4830-A1F8-69079CE42C24}"
EndProject
Project("{FAE04EC0-301F-11D3-BF4B-00C04F79EFBC}") = "AST", "src\AST\AST.csproj", "{BAC1CF57-3205-4776-BF57-9A5A3CEE58E0}"
EndProject
Project("{2150E333-8FDC-42A3-9474-1A3956D46DE8}") = "tests", "tests", "{7C10979C-9E55-4D67-ADDF-CF33D8E15885}"
EndProject
Project("{FAE04EC0-301F-11D3-BF4B-00C04F79EFBC}") = "AST.Tests", "tests\AST.Tests\AST.Tests.csproj", "{6796D577-CEE4-4001-B755-96A1F1555C50}"
EndProject
Project("{FAE04EC0-301F-11D3-BF4B-00C04F79EFBC}") = "Fuzzer", "src\Fuzzer\Fuzzer.csproj", "{47F6B8CF-5780-41F2-880E-01EF83EBC765}"
EndProject
Project("{FAE04EC0-301F-11D3-BF4B-00C04F79EFBC}") = "Fuzzer.Tests", "tests\Fuzzer.Tests\Fuzzer.Tests.csproj", "{9DA15A40-AF0C-46AF-A9B9-21DF4775CE02}"
EndProject
Project("{FAE04EC0-301F-11D3-BF4B-00C04F79EFBC}") = "DafnyWrappers", "src\DafnyWrappers\DafnyWrappers.csproj", "{95461A98-4D82-4E3F-A737-1B87503B3FF4}"
EndProject
Global
	GlobalSection(SolutionConfigurationPlatforms) = preSolution
		Debug|Any CPU = Debug|Any CPU
		Release|Any CPU = Release|Any CPU
	EndGlobalSection
	GlobalSection(SolutionProperties) = preSolution
		HideSolutionNode = FALSE
	EndGlobalSection
	GlobalSection(ProjectConfigurationPlatforms) = postSolution
		{BAC1CF57-3205-4776-BF57-9A5A3CEE58E0}.Debug|Any CPU.ActiveCfg = Debug|Any CPU
		{BAC1CF57-3205-4776-BF57-9A5A3CEE58E0}.Debug|Any CPU.Build.0 = Debug|Any CPU
		{BAC1CF57-3205-4776-BF57-9A5A3CEE58E0}.Release|Any CPU.ActiveCfg = Release|Any CPU
		{BAC1CF57-3205-4776-BF57-9A5A3CEE58E0}.Release|Any CPU.Build.0 = Release|Any CPU
		{6796D577-CEE4-4001-B755-96A1F1555C50}.Debug|Any CPU.ActiveCfg = Debug|Any CPU
		{6796D577-CEE4-4001-B755-96A1F1555C50}.Debug|Any CPU.Build.0 = Debug|Any CPU
		{6796D577-CEE4-4001-B755-96A1F1555C50}.Release|Any CPU.ActiveCfg = Release|Any CPU
		{6796D577-CEE4-4001-B755-96A1F1555C50}.Release|Any CPU.Build.0 = Release|Any CPU
		{47F6B8CF-5780-41F2-880E-01EF83EBC765}.Debug|Any CPU.ActiveCfg = Debug|Any CPU
		{47F6B8CF-5780-41F2-880E-01EF83EBC765}.Debug|Any CPU.Build.0 = Debug|Any CPU
		{47F6B8CF-5780-41F2-880E-01EF83EBC765}.Release|Any CPU.ActiveCfg = Release|Any CPU
		{47F6B8CF-5780-41F2-880E-01EF83EBC765}.Release|Any CPU.Build.0 = Release|Any CPU
		{9DA15A40-AF0C-46AF-A9B9-21DF4775CE02}.Debug|Any CPU.ActiveCfg = Debug|Any CPU
		{9DA15A40-AF0C-46AF-A9B9-21DF4775CE02}.Debug|Any CPU.Build.0 = Debug|Any CPU
		{9DA15A40-AF0C-46AF-A9B9-21DF4775CE02}.Release|Any CPU.ActiveCfg = Release|Any CPU
		{9DA15A40-AF0C-46AF-A9B9-21DF4775CE02}.Release|Any CPU.Build.0 = Release|Any CPU
		{95461A98-4D82-4E3F-A737-1B87503B3FF4}.Debug|Any CPU.ActiveCfg = Debug|Any CPU
		{95461A98-4D82-4E3F-A737-1B87503B3FF4}.Debug|Any CPU.Build.0 = Debug|Any CPU
		{95461A98-4D82-4E3F-A737-1B87503B3FF4}.Release|Any CPU.ActiveCfg = Release|Any CPU
		{95461A98-4D82-4E3F-A737-1B87503B3FF4}.Release|Any CPU.Build.0 = Release|Any CPU
	EndGlobalSection
	GlobalSection(NestedProjects) = preSolution
		{BAC1CF57-3205-4776-BF57-9A5A3CEE58E0} = {C0572490-5C6F-4830-A1F8-69079CE42C24}
		{6796D577-CEE4-4001-B755-96A1F1555C50} = {7C10979C-9E55-4D67-ADDF-CF33D8E15885}
		{47F6B8CF-5780-41F2-880E-01EF83EBC765} = {C0572490-5C6F-4830-A1F8-69079CE42C24}
		{9DA15A40-AF0C-46AF-A9B9-21DF4775CE02} = {7C10979C-9E55-4D67-ADDF-CF33D8E15885}
		{95461A98-4D82-4E3F-A737-1B87503B3FF4} = {C0572490-5C6F-4830-A1F8-69079CE42C24}
	EndGlobalSection
EndGlobal
